
Microsoft Visual Studio Solution File, Format Version 12.00
# Visual Studio Version 17
VisualStudioVersion = 17.4.33213.308
MinimumVisualStudioVersion = 10.0.40219.1
Project("{FAE04EC0-301F-11D3-BF4B-00C04F79EFBC}") = "TchiBot.Api", "src\TchiBot.Api\TchiBot.Api.csproj", "{AF0EBECC-0144-4B62-A6C2-CF86F856E27D}"
EndProject
Global
	GlobalSection(SolutionConfigurationPlatforms) = preSolution
		Debug|Any CPU = Debug|Any CPU
		Release|Any CPU = Release|Any CPU
	EndGlobalSection
	GlobalSection(ProjectConfigurationPlatforms) = postSolution
		{AF0EBECC-0144-4B62-A6C2-CF86F856E27D}.Debug|Any CPU.ActiveCfg = Debug|Any CPU
		{AF0EBECC-0144-4B62-A6C2-CF86F856E27D}.Debug|Any CPU.Build.0 = Debug|Any CPU
		{AF0EBECC-0144-4B62-A6C2-CF86F856E27D}.Release|Any CPU.ActiveCfg = Release|Any CPU
		{AF0EBECC-0144-4B62-A6C2-CF86F856E27D}.Release|Any CPU.Build.0 = Release|Any CPU
	EndGlobalSection
	GlobalSection(SolutionProperties) = preSolution
		HideSolutionNode = FALSE
	EndGlobalSection
	GlobalSection(ExtensibilityGlobals) = postSolution
		SolutionGuid = {75910D95-5DE2-4C93-9DF0-1CEA7595894F}
	EndGlobalSection
EndGlobal
